
Microsoft Visual Studio Solution File, Format Version 12.00
# Visual Studio Version 17
VisualStudioVersion = 17.6.33829.357
MinimumVisualStudioVersion = 10.0.40219.1
Project("{9A19103F-16F7-4668-BE54-9A1E7A4F7556}") = "PowerLmsWebApi", "PowerLmsWebApi\PowerLmsWebApi.csproj", "{AA2300EC-165B-419E-A2CB-30ED353D873E}"
EndProject
Project("{9A19103F-16F7-4668-BE54-9A1E7A4F7556}") = "PowerLmsServer", "PowerLmsServer\PowerLmsServer.csproj", "{DE4C03F8-B4AE-422F-B4B5-A8B04C1FC4CA}"
EndProject
Project("{2150E333-8FDC-42A3-9474-1A3956D46DE8}") = "解决方案项", "解决方案项", "{485FC0C8-DBF6-4F3C-9AD3-C57F52100CD2}"
	ProjectSection(SolutionItems) = preProject
		CHANGELOG.md = CHANGELOG.md
		README.md = README.md
		TODO.md = TODO.md
		临时输入.md = 临时输入.md
		临时输入2.md = 临时输入2.md
		临时输出.md = 临时输出.md
		云霄用Id表.txt = 云霄用Id表.txt
		会议纪要.md = 会议纪要.md
		收款结算单导出金蝶功能设计.md = 收款结算单导出金蝶功能设计.md
		权限.md = 权限.md
		部署指南.txt = 部署指南.txt
		项目评估.md = 项目评估.md
	EndProjectSection
EndProject
Project("{9A19103F-16F7-4668-BE54-9A1E7A4F7556}") = "PowerLmsData", "PowerLmsData\PowerLmsData.csproj", "{C385D591-63B3-4BF3-8AA0-767FCD8C4D39}"
	ProjectSection(ProjectDependencies) = postProject
		{5B64427F-E0BB-476C-B395-DDF5F2CC526A} = {5B64427F-E0BB-476C-B395-DDF5F2CC526A}
		{9B055F1C-190C-4335-8F77-140E5FA4B4BD} = {9B055F1C-190C-4335-8F77-140E5FA4B4BD}
	EndProjectSection
EndProject
Project("{2150E333-8FDC-42A3-9474-1A3956D46DE8}") = "基础支持", "基础支持", "{7B7A10B0-656B-4E84-80C4-4AE68642DE06}"
EndProject
Project("{2150E333-8FDC-42A3-9474-1A3956D46DE8}") = "NuoNuo", "NuoNuo", "{11C197FC-A072-40CC-AEF7-3B552B1935E3}"
	ProjectSection(SolutionItems) = preProject
		诺诺网接口\数电发票\1.诺诺开放平台诺税通saas请求开具发票接口接口对接文档【外部用】.md = 诺诺网接口\数电发票\1.诺诺开放平台诺税通saas请求开具发票接口接口对接文档【外部用】.md
		诺诺网接口\数电发票\1.诺诺开放平台诺税通saas请求开具发票接口接口对接文档【外部用】.pdf = 诺诺网接口\数电发票\1.诺诺开放平台诺税通saas请求开具发票接口接口对接文档【外部用】.pdf
		诺诺网接口\数电发票\2.诺诺开放平台诺税通saas开票重试接口接口对接文档【外部用】.md = 诺诺网接口\数电发票\2.诺诺开放平台诺税通saas开票重试接口接口对接文档【外部用】.md
		诺诺网接口\数电发票\2.诺诺开放平台诺税通saas开票重试接口接口对接文档【外部用】.pdf = 诺诺网接口\数电发票\2.诺诺开放平台诺税通saas开票重试接口接口对接文档【外部用】.pdf
		诺诺网接口\数电发票\3.诺诺开放平台诺税通saas发票快捷冲红接口接口对接文档【外部用】.md = 诺诺网接口\数电发票\3.诺诺开放平台诺税通saas发票快捷冲红接口接口对接文档【外部用】.md
		诺诺网接口\数电发票\3.诺诺开放平台诺税通saas发票快捷冲红接口接口对接文档【外部用】.pdf = 诺诺网接口\数电发票\3.诺诺开放平台诺税通saas发票快捷冲红接口接口对接文档【外部用】.pdf
		诺诺网接口\数电发票\4.诺诺开放平台诺税通saas发票详情查询接口接口对接文档【外部用】.md = 诺诺网接口\数电发票\4.诺诺开放平台诺税通saas发票详情查询接口接口对接文档【外部用】.md
		诺诺网接口\数电发票\4.诺诺开放平台诺税通saas发票详情查询接口接口对接文档【外部用】.pdf = 诺诺网接口\数电发票\4.诺诺开放平台诺税通saas发票详情查询接口接口对接文档【外部用】.pdf
		诺诺网接口\数电发票\5.诺诺开放平台诺税通saas发票重新交付接口接口对接文档【外部用】.md = 诺诺网接口\数电发票\5.诺诺开放平台诺税通saas发票重新交付接口接口对接文档【外部用】.md
		诺诺网接口\数电发票\5.诺诺开放平台诺税通saas发票重新交付接口接口对接文档【外部用】.pdf = 诺诺网接口\数电发票\5.诺诺开放平台诺税通saas发票重新交付接口接口对接文档【外部用】.pdf
		【诺诺发票】回传开票结果对接文档.md = 【诺诺发票】回传开票结果对接文档.md
		诺诺网接口\数电发票\【诺诺发票】回传开票结果对接文档V1.1.1.docx = 诺诺网接口\数电发票\【诺诺发票】回传开票结果对接文档V1.1.1.docx
		诺诺网接口\数电发票\创建应用.md = 诺诺网接口\数电发票\创建应用.md
		开放平台加密说明.md = 开放平台加密说明.md
		诺诺网接口\数电发票\诺诺开放平台诺税通saas红字确认单下载接口接口对接文档【外部用】.md = 诺诺网接口\数电发票\诺诺开放平台诺税通saas红字确认单下载接口接口对接文档【外部用】.md
		诺诺网接口\数电发票\诺诺开放平台诺税通saas红字确认单下载接口接口对接文档【外部用】.pdf = 诺诺网接口\数电发票\诺诺开放平台诺税通saas红字确认单下载接口接口对接文档【外部用】.pdf
		诺诺网接口\数电发票\诺诺开放平台诺税通saas红字确认单撤销接口接口对接文档【外部用】.md = 诺诺网接口\数电发票\诺诺开放平台诺税通saas红字确认单撤销接口接口对接文档【外部用】.md
		诺诺网接口\数电发票\诺诺开放平台诺税通saas红字确认单撤销接口接口对接文档【外部用】.pdf = 诺诺网接口\数电发票\诺诺开放平台诺税通saas红字确认单撤销接口接口对接文档【外部用】.pdf
		诺诺网接口\数电发票\诺诺开放平台诺税通saas红字确认单查询接口接口对接文档【外部用】.md = 诺诺网接口\数电发票\诺诺开放平台诺税通saas红字确认单查询接口接口对接文档【外部用】.md
		诺诺网接口\数电发票\诺诺开放平台诺税通saas红字确认单查询接口接口对接文档【外部用】.pdf = 诺诺网接口\数电发票\诺诺开放平台诺税通saas红字确认单查询接口接口对接文档【外部用】.pdf
		诺诺网接口\数电发票\诺诺开放平台诺税通saas红字确认单申请接口接口对接文档【外部用】.md = 诺诺网接口\数电发票\诺诺开放平台诺税通saas红字确认单申请接口接口对接文档【外部用】.md
		诺诺网接口\数电发票\诺诺开放平台诺税通saas红字确认单申请接口接口对接文档【外部用】.pdf = 诺诺网接口\数电发票\诺诺开放平台诺税通saas红字确认单申请接口接口对接文档【外部用】.pdf
		诺诺网接口\数电发票\诺诺开放平台诺税通saas红字确认单确认接口接口对接文档【外部用】.md = 诺诺网接口\数电发票\诺诺开放平台诺税通saas红字确认单确认接口接口对接文档【外部用】.md
		诺诺网接口\数电发票\诺诺开放平台诺税通saas红字确认单确认接口接口对接文档【外部用】.pdf = 诺诺网接口\数电发票\诺诺开放平台诺税通saas红字确认单确认接口接口对接文档【外部用】.pdf
		诺诺网接口.zip = 诺诺网接口.zip
	EndProjectSection
EndProject
Project("{FAE04EC0-301F-11D3-BF4B-00C04F79EFBC}") = "OwBaseCore", "..\Bak\OwBaseCore\OwBaseCore.csproj", "{5B64427F-E0BB-476C-B395-DDF5F2CC526A}"
EndProject
Project("{FAE04EC0-301F-11D3-BF4B-00C04F79EFBC}") = "OwDbBase", "..\Bak\OwDbBase\OwDbBase.csproj", "{9B055F1C-190C-4335-8F77-140E5FA4B4BD}"
EndProject
Project("{2150E333-8FDC-42A3-9474-1A3956D46DE8}") = "Docs", "Docs", "{02EA681E-C7D8-13C7-8484-4AC65E1B71E8}"
	ProjectSection(SolutionItems) = preProject
		Docs\CODE_CONVENTIONS.md = Docs\CODE_CONVENTIONS.md
		Docs\CODE_STYLE.md = Docs\CODE_STYLE.md
		Docs\DESIGN_PREFERENCE_GUIDE.md = Docs\DESIGN_PREFERENCE_GUIDE.md
		Docs\DIRECTORY_STRUCTURE_GUIDE.md = Docs\DIRECTORY_STRUCTURE_GUIDE.md
		Docs\Tasks_backup_20250127.md = Docs\Tasks_backup_20250127.md
		变更251022.md = 变更251022.md
		Docs\服务器配置.md = Docs\服务器配置.md
	EndProjectSection
EndProject
Global
	GlobalSection(SolutionConfigurationPlatforms) = preSolution
		Debug|Any CPU = Debug|Any CPU
		Release|Any CPU = Release|Any CPU
	EndGlobalSection
	GlobalSection(ProjectConfigurationPlatforms) = postSolution
		{AA2300EC-165B-419E-A2CB-30ED353D873E}.Debug|Any CPU.ActiveCfg = Debug|Any CPU
		{AA2300EC-165B-419E-A2CB-30ED353D873E}.Debug|Any CPU.Build.0 = Debug|Any CPU
		{AA2300EC-165B-419E-A2CB-30ED353D873E}.Release|Any CPU.ActiveCfg = Release|Any CPU
		{AA2300EC-165B-419E-A2CB-30ED353D873E}.Release|Any CPU.Build.0 = Release|Any CPU
		{DE4C03F8-B4AE-422F-B4B5-A8B04C1FC4CA}.Debug|Any CPU.ActiveCfg = Debug|Any CPU
		{DE4C03F8-B4AE-422F-B4B5-A8B04C1FC4CA}.Debug|Any CPU.Build.0 = Debug|Any CPU
		{DE4C03F8-B4AE-422F-B4B5-A8B04C1FC4CA}.Release|Any CPU.ActiveCfg = Release|Any CPU
		{DE4C03F8-B4AE-422F-B4B5-A8B04C1FC4CA}.Release|Any CPU.Build.0 = Release|Any CPU
		{C385D591-63B3-4BF3-8AA0-767FCD8C4D39}.Debug|Any CPU.ActiveCfg = Debug|Any CPU
		{C385D591-63B3-4BF3-8AA0-767FCD8C4D39}.Debug|Any CPU.Build.0 = Debug|Any CPU
		{C385D591-63B3-4BF3-8AA0-767FCD8C4D39}.Release|Any CPU.ActiveCfg = Release|Any CPU
		{C385D591-63B3-4BF3-8AA0-767FCD8C4D39}.Release|Any CPU.Build.0 = Release|Any CPU
		{5B64427F-E0BB-476C-B395-DDF5F2CC526A}.Debug|Any CPU.ActiveCfg = Debug|Any CPU
		{5B64427F-E0BB-476C-B395-DDF5F2CC526A}.Debug|Any CPU.Build.0 = Debug|Any CPU
		{5B64427F-E0BB-476C-B395-DDF5F2CC526A}.Release|Any CPU.ActiveCfg = Release|Any CPU
		{5B64427F-E0BB-476C-B395-DDF5F2CC526A}.Release|Any CPU.Build.0 = Release|Any CPU
		{9B055F1C-190C-4335-8F77-140E5FA4B4BD}.Debug|Any CPU.ActiveCfg = Debug|Any CPU
		{9B055F1C-190C-4335-8F77-140E5FA4B4BD}.Debug|Any CPU.Build.0 = Debug|Any CPU
		{9B055F1C-190C-4335-8F77-140E5FA4B4BD}.Release|Any CPU.ActiveCfg = Release|Any CPU
		{9B055F1C-190C-4335-8F77-140E5FA4B4BD}.Release|Any CPU.Build.0 = Release|Any CPU
	EndGlobalSection
	GlobalSection(SolutionProperties) = preSolution
		HideSolutionNode = FALSE
	EndGlobalSection
	GlobalSection(NestedProjects) = preSolution
		{11C197FC-A072-40CC-AEF7-3B552B1935E3} = {485FC0C8-DBF6-4F3C-9AD3-C57F52100CD2}
		{5B64427F-E0BB-476C-B395-DDF5F2CC526A} = {7B7A10B0-656B-4E84-80C4-4AE68642DE06}
		{9B055F1C-190C-4335-8F77-140E5FA4B4BD} = {7B7A10B0-656B-4E84-80C4-4AE68642DE06}
		{02EA681E-C7D8-13C7-8484-4AC65E1B71E8} = {485FC0C8-DBF6-4F3C-9AD3-C57F52100CD2}
	EndGlobalSection
	GlobalSection(ExtensibilityGlobals) = postSolution
		SolutionGuid = {5C76520A-489A-4E63-A407-9AD37BF5AD6C}
	EndGlobalSection
EndGlobal
