
Microsoft Visual Studio Solution File, Format Version 12.00
# Visual Studio Version 17
VisualStudioVersion = 17.6.33829.357
MinimumVisualStudioVersion = 10.0.40219.1
Project("{9A19103F-16F7-4668-BE54-9A1E7A4F7556}") = "PowerLmsWebApi", "PowerLmsWebApi\PowerLmsWebApi.csproj", "{AA2300EC-165B-419E-A2CB-30ED353D873E}"
EndProject
Project("{9A19103F-16F7-4668-BE54-9A1E7A4F7556}") = "PowerLmsServer", "PowerLmsServer\PowerLmsServer.csproj", "{DE4C03F8-B4AE-422F-B4B5-A8B04C1FC4CA}"
EndProject
Project("{2150E333-8FDC-42A3-9474-1A3956D46DE8}") = "解决方案项", "解决方案项", "{485FC0C8-DBF6-4F3C-9AD3-C57F52100CD2}"
	ProjectSection(SolutionItems) = preProject
		Notes.txt = Notes.txt
		云霄用Id表.txt = 云霄用Id表.txt
		部署指南.txt = 部署指南.txt
	EndProjectSection
EndProject
Project("{9A19103F-16F7-4668-BE54-9A1E7A4F7556}") = "PowerLmsData", "PowerLmsData\PowerLmsData.csproj", "{C385D591-63B3-4BF3-8AA0-767FCD8C4D39}"
EndProject
Project("{9A19103F-16F7-4668-BE54-9A1E7A4F7556}") = "OwBaseCore", "..\..\repos\Bak\OwBaseCore\OwBaseCore.csproj", "{53CABA37-1D8F-454B-B5FB-9FF6BE94D3BF}"
EndProject
Project("{9A19103F-16F7-4668-BE54-9A1E7A4F7556}") = "OwDbBase", "..\..\repos\Bak\OwDbBase\OwDbBase.csproj", "{B28E6557-4D6E-4846-B8CD-9FCBA33F3164}"
EndProject
Global
	GlobalSection(SolutionConfigurationPlatforms) = preSolution
		Debug|Any CPU = Debug|Any CPU
		Release|Any CPU = Release|Any CPU
	EndGlobalSection
	GlobalSection(ProjectConfigurationPlatforms) = postSolution
		{AA2300EC-165B-419E-A2CB-30ED353D873E}.Debug|Any CPU.ActiveCfg = Debug|Any CPU
		{AA2300EC-165B-419E-A2CB-30ED353D873E}.Debug|Any CPU.Build.0 = Debug|Any CPU
		{AA2300EC-165B-419E-A2CB-30ED353D873E}.Release|Any CPU.ActiveCfg = Release|Any CPU
		{AA2300EC-165B-419E-A2CB-30ED353D873E}.Release|Any CPU.Build.0 = Release|Any CPU
		{DE4C03F8-B4AE-422F-B4B5-A8B04C1FC4CA}.Debug|Any CPU.ActiveCfg = Debug|Any CPU
		{DE4C03F8-B4AE-422F-B4B5-A8B04C1FC4CA}.Debug|Any CPU.Build.0 = Debug|Any CPU
		{DE4C03F8-B4AE-422F-B4B5-A8B04C1FC4CA}.Release|Any CPU.ActiveCfg = Release|Any CPU
		{DE4C03F8-B4AE-422F-B4B5-A8B04C1FC4CA}.Release|Any CPU.Build.0 = Release|Any CPU
		{C385D591-63B3-4BF3-8AA0-767FCD8C4D39}.Debug|Any CPU.ActiveCfg = Debug|Any CPU
		{C385D591-63B3-4BF3-8AA0-767FCD8C4D39}.Debug|Any CPU.Build.0 = Debug|Any CPU
		{C385D591-63B3-4BF3-8AA0-767FCD8C4D39}.Release|Any CPU.ActiveCfg = Release|Any CPU
		{C385D591-63B3-4BF3-8AA0-767FCD8C4D39}.Release|Any CPU.Build.0 = Release|Any CPU
		{53CABA37-1D8F-454B-B5FB-9FF6BE94D3BF}.Debug|Any CPU.ActiveCfg = Debug|Any CPU
		{53CABA37-1D8F-454B-B5FB-9FF6BE94D3BF}.Debug|Any CPU.Build.0 = Debug|Any CPU
		{53CABA37-1D8F-454B-B5FB-9FF6BE94D3BF}.Release|Any CPU.ActiveCfg = Release|Any CPU
		{53CABA37-1D8F-454B-B5FB-9FF6BE94D3BF}.Release|Any CPU.Build.0 = Release|Any CPU
		{B28E6557-4D6E-4846-B8CD-9FCBA33F3164}.Debug|Any CPU.ActiveCfg = Debug|Any CPU
		{B28E6557-4D6E-4846-B8CD-9FCBA33F3164}.Debug|Any CPU.Build.0 = Debug|Any CPU
		{B28E6557-4D6E-4846-B8CD-9FCBA33F3164}.Release|Any CPU.ActiveCfg = Release|Any CPU
		{B28E6557-4D6E-4846-B8CD-9FCBA33F3164}.Release|Any CPU.Build.0 = Release|Any CPU
	EndGlobalSection
	GlobalSection(SolutionProperties) = preSolution
		HideSolutionNode = FALSE
	EndGlobalSection
	GlobalSection(ExtensibilityGlobals) = postSolution
		SolutionGuid = {5C76520A-489A-4E63-A407-9AD37BF5AD6C}
	EndGlobalSection
EndGlobal
